
Microsoft Visual Studio Solution File, Format Version 12.00
# Visual Studio Version 17
VisualStudioVersion = 17.9.34728.123
MinimumVisualStudioVersion = 10.0.40219.1
Project("{9A19103F-16F7-4668-BE54-9A1E7A4F7556}") = "Scolly", "Scolly\Scolly.csproj", "{EC8B7636-EC37-44E3-972A-B2C569E37406}"
EndProject
Project("{9A19103F-16F7-4668-BE54-9A1E7A4F7556}") = "Scolly.Common", "Scolly.Common\Scolly.Common.csproj", "{E5038360-DA7E-46B1-B64F-207C61F7C49B}"
EndProject
Project("{FAE04EC0-301F-11D3-BF4B-00C04F79EFBC}") = "Scolly.Infrasrtucture", "Scolly.Infrasrtucture\Scolly.Infrasrtucture.csproj", "{BD317875-145F-4991-AC9C-F853672213F8}"
EndProject
Project("{FAE04EC0-301F-11D3-BF4B-00C04F79EFBC}") = "Scolly.Services", "Scolly.Services\Scolly.Services.csproj", "{EAC3B291-F3A7-404C-98BC-EBB94C98F9D2}"
EndProject
Project("{FAE04EC0-301F-11D3-BF4B-00C04F79EFBC}") = "Scolly.Extensions", "Scolly.Extensions\Scolly.Extensions.csproj", "{4A45504C-6473-443F-BBCA-216B15CF610A}"
EndProject
Global
	GlobalSection(SolutionConfigurationPlatforms) = preSolution
		Debug|Any CPU = Debug|Any CPU
		Release|Any CPU = Release|Any CPU
	EndGlobalSection
	GlobalSection(ProjectConfigurationPlatforms) = postSolution
		{EC8B7636-EC37-44E3-972A-B2C569E37406}.Debug|Any CPU.ActiveCfg = Debug|Any CPU
		{EC8B7636-EC37-44E3-972A-B2C569E37406}.Debug|Any CPU.Build.0 = Debug|Any CPU
		{EC8B7636-EC37-44E3-972A-B2C569E37406}.Release|Any CPU.ActiveCfg = Release|Any CPU
		{EC8B7636-EC37-44E3-972A-B2C569E37406}.Release|Any CPU.Build.0 = Release|Any CPU
		{E5038360-DA7E-46B1-B64F-207C61F7C49B}.Debug|Any CPU.ActiveCfg = Debug|Any CPU
		{E5038360-DA7E-46B1-B64F-207C61F7C49B}.Debug|Any CPU.Build.0 = Debug|Any CPU
		{E5038360-DA7E-46B1-B64F-207C61F7C49B}.Release|Any CPU.ActiveCfg = Release|Any CPU
		{E5038360-DA7E-46B1-B64F-207C61F7C49B}.Release|Any CPU.Build.0 = Release|Any CPU
		{BD317875-145F-4991-AC9C-F853672213F8}.Debug|Any CPU.ActiveCfg = Debug|Any CPU
		{BD317875-145F-4991-AC9C-F853672213F8}.Debug|Any CPU.Build.0 = Debug|Any CPU
		{BD317875-145F-4991-AC9C-F853672213F8}.Release|Any CPU.ActiveCfg = Release|Any CPU
		{BD317875-145F-4991-AC9C-F853672213F8}.Release|Any CPU.Build.0 = Release|Any CPU
		{EAC3B291-F3A7-404C-98BC-EBB94C98F9D2}.Debug|Any CPU.ActiveCfg = Debug|Any CPU
		{EAC3B291-F3A7-404C-98BC-EBB94C98F9D2}.Debug|Any CPU.Build.0 = Debug|Any CPU
		{EAC3B291-F3A7-404C-98BC-EBB94C98F9D2}.Release|Any CPU.ActiveCfg = Release|Any CPU
		{EAC3B291-F3A7-404C-98BC-EBB94C98F9D2}.Release|Any CPU.Build.0 = Release|Any CPU
		{4A45504C-6473-443F-BBCA-216B15CF610A}.Debug|Any CPU.ActiveCfg = Debug|Any CPU
		{4A45504C-6473-443F-BBCA-216B15CF610A}.Debug|Any CPU.Build.0 = Debug|Any CPU
		{4A45504C-6473-443F-BBCA-216B15CF610A}.Release|Any CPU.ActiveCfg = Release|Any CPU
		{4A45504C-6473-443F-BBCA-216B15CF610A}.Release|Any CPU.Build.0 = Release|Any CPU
	EndGlobalSection
	GlobalSection(SolutionProperties) = preSolution
		HideSolutionNode = FALSE
	EndGlobalSection
	GlobalSection(ExtensibilityGlobals) = postSolution
		SolutionGuid = {C8FB1C78-A322-4FD1-ABEA-71FDC7D85260}
	EndGlobalSection
EndGlobal
